{
  "nodes": {
    "nixpkgs": {
      "locked": {
        "lastModified": 1664614409,
        "narHash": "sha256-5y+zhLMzc/k4NYnCfW+seM9oaNuUI/UeGMGPFRj8cR0=",
        "owner": "NixOS",
        "repo": "nixpkgs",
        "rev": "b746456c6f6ef8404ef6011df5eceba8644c49a9",
        "type": "github"
      },
      "original": {
        "owner": "NixOS",
        "ref": "master",
        "repo": "nixpkgs",
        "type": "github"
      }
    },
    "root": {
      "inputs": {
        "nixpkgs": "nixpkgs",
        "utils": "utils"
      }
    },
    "utils": {
      "locked": {
        "lastModified": 1659877975,
        "narHash": "sha256-zllb8aq3YO3h8B/U0/J1WBgAL8EX5yWf5pMj3G0NAmc=",
        "owner": "numtide",
        "repo": "flake-utils",
        "rev": "c0e246b9b83f637f4681389ecabcb2681b4f3af0",
        "type": "github"
      },
      "original": {
        "owner": "numtide",
        "repo": "flake-utils",
        "type": "github"
      }
    }
  },
  "root": "root",
  "version": 7
}
