{
  "nodes": {
    "nixpkgs": {
      "locked": {
        "lastModified": 1664705630,
        "narHash": "sha256-MLi1J9tIZQFj8v9RKmG89HJAE5ja3z4ui4Tf9+wG/bM=",
        "owner": "NixOS",
        "repo": "nixpkgs",
        "rev": "f71b215225dec75df6266ff7764d54c2e44ef226",
        "type": "github"
      },
      "original": {
        "owner": "NixOS",
        "ref": "master",
        "repo": "nixpkgs",
        "type": "github"
      }
    },
    "root": {
      "inputs": {
        "nixpkgs": "nixpkgs",
        "utils": "utils"
      }
    },
    "utils": {
      "locked": {
        "lastModified": 1659877975,
        "narHash": "sha256-zllb8aq3YO3h8B/U0/J1WBgAL8EX5yWf5pMj3G0NAmc=",
        "owner": "numtide",
        "repo": "flake-utils",
        "rev": "c0e246b9b83f637f4681389ecabcb2681b4f3af0",
        "type": "github"
      },
      "original": {
        "owner": "numtide",
        "repo": "flake-utils",
        "type": "github"
      }
    }
  },
  "root": "root",
  "version": 7
}
