# This file is autogenerated, do not edit; changes may be undone by the next 'dep ensure'.


[[projects]]
  digest = "1:d21e998147c1c8cd727bd34148f373d3faa46fd8669c389b53c4eaabbe4eb2b3"
  name = "github.com/Dreamacro/go-shadowsocks2"
  packages = [
    "core",
    "shadowaead",
    "shadowstream",
    "socks",
  ]
  pruneopts = "UT"
  revision = "1c1fd6c192eb76261ea3ccd80e3b141b25f20db4"
  version = "v0.1.1"

[[projects]]
  branch = "master"
  digest = "1:8fa55a6e302771a90a86ceae1ca3c0df4ef15d21092198e8313f61dde9eea963"
  name = "github.com/Yawning/chacha20"
  packages = ["."]
  pruneopts = "UT"
  revision = "e3b1f968fc6397b51d963fee8ec8711a47bc0ce8"

[[projects]]
  digest = "1:444b82bfe35c83bbcaf84e310fb81a1f9ece03edfed586483c869e2c046aef69"
  name = "github.com/eapache/queue"
  packages = ["."]
  pruneopts = "UT"
  revision = "44cc805cf13205b55f69e14bcb69867d1ae92f98"
  version = "v1.1.0"

[[projects]]
  digest = "1:b9914f85d95a0968bafd1be1908ba29e2eafafd88d6fd13696be42bf5368c380"
  name = "github.com/go-chi/chi"
  packages = ["."]
  pruneopts = "UT"
  revision = "b5294d10673813fac8558e7f47242bc9e61b4c25"
  version = "v3.3.3"

[[projects]]
  digest = "1:dfa416a1bb8139f30832543340f972f65c0db9932034cb6a1b42c5ac615a3fb8"
  name = "github.com/go-chi/cors"
  packages = ["."]
  pruneopts = "UT"
  revision = "dba6525398619dead495962a916728e7ee2ca322"
  version = "v1.0.0"

[[projects]]
  digest = "1:54d7b4b9ab2bb2bae35b55eea900bc8fe15cba05a95fc78bf7fd7b82a9a07afa"
  name = "github.com/go-chi/render"
  packages = ["."]
  pruneopts = "UT"
  revision = "3215478343fbc559bd3fc08f7031bb134d6bdad5"
  version = "v1.0.1"

[[projects]]
  digest = "1:ce579162ae1341f3e5ab30c0dce767f28b1eb6a81359aad01723f1ba6b4becdf"
  name = "github.com/gofrs/uuid"
  packages = ["."]
  pruneopts = "UT"
  revision = "370558f003bfe29580cd0f698d8640daccdcc45c"
  version = "v3.1.1"

[[projects]]
  digest = "1:2e8bdbc8a11d716dab1bf66d326285d7e5c92fa4c996c1574ba1153e57534b85"
  name = "github.com/oschwald/geoip2-golang"
  packages = ["."]
  pruneopts = "UT"
  revision = "7118115686e16b77967cdbf55d1b944fe14ad312"
  version = "v1.2.1"

[[projects]]
  digest = "1:07e8589503b7ec22430dae6eed6f2c17e4249ab245574f4fd0ba8fc9c597d138"
  name = "github.com/oschwald/maxminddb-golang"
  packages = ["."]
  pruneopts = "UT"
  revision = "c5bec84d1963260297932a1b7a1753c8420717a7"
  version = "v1.3.0"

[[projects]]
  digest = "1:d867dfa6751c8d7a435821ad3b736310c2ed68945d05b50fb9d23aee0540c8cc"
  name = "github.com/sirupsen/logrus"
  packages = ["."]
  pruneopts = "UT"
  revision = "3e01752db0189b9157070a0e1668a620f9a85da2"
  version = "v1.0.6"

[[projects]]
  branch = "master"
  digest = "1:d33888518d56c3f0cc9009594f56be4faf33ffff358fe10ff8e7e8cccf0e6617"
  name = "golang.org/x/crypto"
  packages = [
    "chacha20poly1305",
    "hkdf",
    "internal/chacha20",
    "internal/subtle",
    "poly1305",
    "ssh/terminal",
  ]
  pruneopts = "UT"
  revision = "0e37d006457bf46f9e6692014ba72ef82c33022c"

[[projects]]
  branch = "master"
  digest = "1:ddbafa32d1899456edbf7a64aec7afe5aa287b840e6a12b996f8a8425c1d9a6a"
  name = "golang.org/x/sys"
  packages = [
    "cpu",
    "unix",
    "windows",
  ]
  pruneopts = "UT"
  revision = "d641721ec2dead6fe5ca284096fe4b1fcd49e427"

[[projects]]
  digest = "1:975a4480c40f2d0b95e1f83d3ec1aa29a2774e80179e08a9a4ba2aab86721b23"
  name = "gopkg.in/eapache/channels.v1"
  packages = ["."]
  pruneopts = "UT"
  revision = "47238d5aae8c0fefd518ef2bee46290909cf8263"
  version = "v1.1.0"

[[projects]]
  digest = "1:5abd6a22805b1919f6a6bca0ae58b13cef1f3412812f38569978f43ef02743d4"
  name = "gopkg.in/ini.v1"
  packages = ["."]
  pruneopts = "UT"
  revision = "5cf292cae48347c2490ac1a58fe36735fb78df7e"
  version = "v1.38.2"

[solve-meta]
  analyzer-name = "dep"
  analyzer-version = 1
  input-imports = [
    "github.com/Dreamacro/go-shadowsocks2/core",
    "github.com/Dreamacro/go-shadowsocks2/socks",
    "github.com/go-chi/chi",
    "github.com/go-chi/cors",
    "github.com/go-chi/render",
    "github.com/gofrs/uuid",
    "github.com/oschwald/geoip2-golang",
    "github.com/sirupsen/logrus",
    "golang.org/x/crypto/chacha20poly1305",
    "gopkg.in/eapache/channels.v1",
    "gopkg.in/ini.v1",
  ]
  solver-name = "gps-cdcl"
  solver-version = 1
